{
  "lockfileVersion": 1,
  "configVersion": 0,
  "workspaces": {
    "": {
      "name": "bolt-blockchain",
      "dependencies": {
        "@noble/hashes": "^1.3.3",
        "@noble/secp256k1": "^2.0.0",
        "@scure/bip32": "2.3.0",
        "bip39": "^3.1.0",
        "kubo-rpc-client": "7.1.0",
        "lmdb": "^3.4.2",
        "prom-client": "^15.1.0",
      },
      "devDependencies": {
        "@types/bun": "latest",
        "typescript": "5.9.2",
      },
    },
  },
  "packages": {
    "@chainsafe/is-ip": ["@chainsafe/is-ip@2.1.0", "", {}, "sha512-KIjt+6IfysQ4GCv66xihEitBjvhU/bixbbbFxdJ1sqCp4uJ0wuZiYBPhksZoy4lfaF0k9cwNzY5upEW/VWdw3w=="],

    "@ipld/dag-cbor": ["@ipld/dag-cbor@10.0.2", "", { "dependencies": { "cborg": "^6.1.1", "multiformats": "^14.0.0" } }, "sha512-1eCD4YMTlkx5i36oQUmeAojLS/wu+XCd1Gs31BA0afk0TaVkhnyMofIAT/pi0wV3HS3/G7QSN/1NibhiksMyZQ=="],

    "@ipld/dag-json": ["@ipld/dag-json@11.0.1", "", { "dependencies": { "cborg": "^6.1.1", "multiformats": "^14.0.0" } }, "sha512-cMDD0yWkUruqhbLDwAWaV5q92hYKQDP2xP0n+yZp0oxsC68Pw+xFZNc9rj0v2n5m5m/Aa1A+Qlb2tY3NjQMsWg=="],

    "@ipld/dag-pb": ["@ipld/dag-pb@4.1.5", "", { "dependencies": { "multiformats": "^13.1.0" } }, "sha512-w4PZ2yPqvNmlAir7/2hsCRMqny1EY5jj26iZcSgxREJexmbAc2FI21jp26MqiNdfgAxvkCnf2N/TJI18GaDNwA=="],

    "@leichtgewicht/ip-codec": ["@leichtgewicht/ip-codec@2.0.5", "", {}, "sha512-Vo+PSpZG2/fmgmiNzYK9qWRh8h/CHrwD0mo1h1DzL4yzHNSfWYujGTYsWGreD000gcgmZ7K4Ys6Tx9TxtsKdDw=="],

    "@libp2p/crypto": ["@libp2p/crypto@5.1.23", "", { "dependencies": { "@libp2p/interface": "^3.3.0", "@noble/curves": "^2.0.1", "@noble/hashes": "^2.0.1", "multiformats": "^14.0.0", "protons-runtime": "^7.0.0", "uint8arraylist": "^3.0.2", "uint8arrays": "^6.1.1" } }, "sha512-u6XVMD1YpUJgjS5MAayrxlzi+hQcj3FHY0wS6/M/T93ntyCW13BmmRzFb2ESamk65PEuSCAChmQeSzRV2sh2rQ=="],

    "@libp2p/interface": ["@libp2p/interface@3.3.0", "", { "dependencies": { "@multiformats/dns": "^1.0.6", "@multiformats/multiaddr": "^13.0.3", "main-event": "^1.0.1", "multiformats": "^14.0.0", "progress-events": "^1.1.0", "uint8arraylist": "^3.0.2" } }, "sha512-SXahM/4IgpiFKTtocbXYSTA1wEUVjktmT1yBCzBbc2Vgsu1VBCg6SvsFmXo2Hbeyev3D8EU+y3uaCKDB43C/Vg=="],

    "@libp2p/logger": ["@libp2p/logger@6.2.13", "", { "dependencies": { "@libp2p/interface": "^3.3.0", "@multiformats/multiaddr": "^13.0.3", "interface-datastore": "^10.0.1", "multiformats": "^14.0.0", "weald": "^1.1.0" } }, "sha512-+tkZuRPoiFdh+frG//3hQ3goV1uMzRblpZ+mwtezgLXkRNqB5YKBLl+c/rtrurwAUqjCuI/yoEPJBiCizg2z6w=="],

    "@libp2p/peer-id": ["@libp2p/peer-id@6.0.15", "", { "dependencies": { "@libp2p/crypto": "^5.1.23", "@libp2p/interface": "^3.3.0", "multiformats": "^14.0.0", "uint8arrays": "^6.1.1" } }, "sha512-aIbYJcldMNOIzmm9J57aESjZInYFdrQ9AY0ij+qn0Oam2vBxDfEIJZxJu+JzVkB2rVvT+FHDQXKWT2nAqNgB8w=="],

    "@lmdb/lmdb-darwin-arm64": ["@lmdb/lmdb-darwin-arm64@3.4.2", "", { "os": "darwin", "cpu": "arm64" }, "sha512-NK80WwDoODyPaSazKbzd3NEJ3ygePrkERilZshxBViBARNz21rmediktGHExoj9n5t9+ChlgLlxecdFKLCuCKg=="],

    "@lmdb/lmdb-darwin-x64": ["@lmdb/lmdb-darwin-x64@3.4.2", "", { "os": "darwin", "cpu": "x64" }, "sha512-zevaowQNmrp3U7Fz1s9pls5aIgpKRsKb3dZWDINtLiozh3jZI9fBrI19lYYBxqdyiIyNdlyiidPnwPShj4aK+w=="],

    "@lmdb/lmdb-linux-arm": ["@lmdb/lmdb-linux-arm@3.4.2", "", { "os": "linux", "cpu": "arm" }, "sha512-OmHCULY17rkx/RoCoXlzU7LyR8xqrksgdYWwtYa14l/sseezZ8seKWXcogHcjulBddER5NnEFV4L/Jtr2nyxeg=="],

    "@lmdb/lmdb-linux-arm64": ["@lmdb/lmdb-linux-arm64@3.4.2", "", { "os": "linux", "cpu": "arm64" }, "sha512-ZBEfbNZdkneebvZs98Lq30jMY8V9IJzckVeigGivV7nTHJc+89Ctomp1kAIWKlwIG0ovCDrFI448GzFPORANYg=="],

    "@lmdb/lmdb-linux-x64": ["@lmdb/lmdb-linux-x64@3.4.2", "", { "os": "linux", "cpu": "x64" }, "sha512-vL9nM17C77lohPYE4YaAQvfZCSVJSryE4fXdi8M7uWPBnU+9DJabgKVAeyDb84ZM2vcFseoBE4/AagVtJeRE7g=="],

    "@lmdb/lmdb-win32-arm64": ["@lmdb/lmdb-win32-arm64@3.4.2", "", { "os": "win32", "cpu": "arm64" }, "sha512-SXWjdBfNDze4ZPeLtYIzsIeDJDJ/SdsA0pEXcUBayUIMO0FQBHfVZZyHXQjjHr4cvOAzANBgIiqaXRwfMhzmLw=="],

    "@lmdb/lmdb-win32-x64": ["@lmdb/lmdb-win32-x64@3.4.2", "", { "os": "win32", "cpu": "x64" }, "sha512-IY+r3bxKW6Q6sIPiMC0L533DEfRJSXibjSI3Ft/w9Q8KQBNqEIvUFXt+09wV8S5BRk0a8uSF19YWxuRwEfI90g=="],

    "@msgpackr-extract/msgpackr-extract-darwin-arm64": ["@msgpackr-extract/msgpackr-extract-darwin-arm64@3.0.3", "", { "os": "darwin", "cpu": "arm64" }, "sha512-QZHtlVgbAdy2zAqNA9Gu1UpIuI8Xvsd1v8ic6B2pZmeFnFcMWiPLfWXh7TVw4eGEZ/C9TH281KwhVoeQUKbyjw=="],

    "@msgpackr-extract/msgpackr-extract-darwin-x64": ["@msgpackr-extract/msgpackr-extract-darwin-x64@3.0.3", "", { "os": "darwin", "cpu": "x64" }, "sha512-mdzd3AVzYKuUmiWOQ8GNhl64/IoFGol569zNRdkLReh6LRLHOXxU4U8eq0JwaD8iFHdVGqSy4IjFL4reoWCDFw=="],

    "@msgpackr-extract/msgpackr-extract-linux-arm": ["@msgpackr-extract/msgpackr-extract-linux-arm@3.0.3", "", { "os": "linux", "cpu": "arm" }, "sha512-fg0uy/dG/nZEXfYilKoRe7yALaNmHoYeIoJuJ7KJ+YyU2bvY8vPv27f7UKhGRpY6euFYqEVhxCFZgAUNQBM3nw=="],

    "@msgpackr-extract/msgpackr-extract-linux-arm64": ["@msgpackr-extract/msgpackr-extract-linux-arm64@3.0.3", "", { "os": "linux", "cpu": "arm64" }, "sha512-YxQL+ax0XqBJDZiKimS2XQaf+2wDGVa1enVRGzEvLLVFeqa5kx2bWbtcSXgsxjQB7nRqqIGFIcLteF/sHeVtQg=="],

    "@msgpackr-extract/msgpackr-extract-linux-x64": ["@msgpackr-extract/msgpackr-extract-linux-x64@3.0.3", "", { "os": "linux", "cpu": "x64" }, "sha512-cvwNfbP07pKUfq1uH+S6KJ7dT9K8WOE4ZiAcsrSes+UY55E/0jLYc+vq+DO7jlmqRb5zAggExKm0H7O/CBaesg=="],

    "@msgpackr-extract/msgpackr-extract-win32-x64": ["@msgpackr-extract/msgpackr-extract-win32-x64@3.0.3", "", { "os": "win32", "cpu": "x64" }, "sha512-x0fWaQtYp4E6sktbsdAqnehxDgEc/VwM7uLsRCYWaiGu0ykYdZPiS8zCWdnjHwyiumousxfBm4SO31eXqwEZhQ=="],

    "@multiformats/dns": ["@multiformats/dns@1.0.6", "", { "dependencies": { "@types/dns-packet": "^5.6.5", "buffer": "^6.0.3", "dns-packet": "^5.6.1", "hashlru": "^2.3.0", "p-queue": "^8.0.1", "progress-events": "^1.0.0", "uint8arrays": "^5.0.2" } }, "sha512-nt/5UqjMPtyvkG9BQYdJ4GfLK3nMqGpFZOzf4hAmIa0sJh2LlS9YKXZ4FgwBDsaHvzZqR/rUFIywIc7pkHNNuw=="],

    "@multiformats/multiaddr": ["@multiformats/multiaddr@13.0.3", "", { "dependencies": { "@chainsafe/is-ip": "^2.0.1", "multiformats": "^14.0.0", "uint8-varint": "^3.0.0", "uint8arrays": "^6.1.1" } }, "sha512-mEqqJ4r3a/uuFMTpRkU316wGNIDQNhuVWpm+ebKTQeYsfv9jXbPONWM6VVnj3KGUrwfsX7GZOyp4TFqEA2SPCw=="],

    "@multiformats/multiaddr-to-uri": ["@multiformats/multiaddr-to-uri@12.0.0", "", { "dependencies": { "@multiformats/multiaddr": "^13.0.0" } }, "sha512-3uIEBCiy8tfzxYYBl81x1tISiNBQ7mHU4pGjippbJRoQYHzy/ZdZM/7JvTldr8pc/dzpkaNJxnsuxxlhsPOJsA=="],

    "@noble/curves": ["@noble/curves@2.3.0", "", { "dependencies": { "@noble/hashes": "2.3.0" } }, "sha512-v7cY+4oWYPQszRj6ZFGzTVL7uP2TaLo1xMhWHzYC5wj0ZhOXQ5x+sBre8rF3hi8cAoi0bh1qXoovoOkdFtvqEg=="],

    "@noble/hashes": ["@noble/hashes@1.8.0", "", {}, "sha512-jCs9ldd7NwzpgXDIf6P3+NrHh9/sD6CQdxHyjQI+h/6rDNo88ypBxxz45UDuZHz9r3tNz7N/VInSVoVdtXEI4A=="],

    "@noble/secp256k1": ["@noble/secp256k1@2.3.0", "", {}, "sha512-0TQed2gcBbIrh7Ccyw+y/uZQvbJwm7Ao4scBUxqpBCcsOlZG0O4KGfjtNAy/li4W8n1xt3dxrwJ0beZ2h2G6Kw=="],

    "@nodelib/fs.scandir": ["@nodelib/fs.scandir@2.1.5", "", { "dependencies": { "@nodelib/fs.stat": "2.0.5", "run-parallel": "^1.1.9" } }, "sha512-vq24Bq3ym5HEQm2NKCr3yXDwjc7vTsEThRDnkp2DK9p1uqLR+DHurm/NOTo0KG7HYHU7eppKZj3MyqYuMBf62g=="],

    "@nodelib/fs.stat": ["@nodelib/fs.stat@2.0.5", "", {}, "sha512-RkhPPp2zrqDAQA/2jNhnztcPAlv64XdhIp7a7454A5ovI7Bukxgt7MX7udwAu3zg1DcpPU0rz3VV1SeaqvY4+A=="],

    "@nodelib/fs.walk": ["@nodelib/fs.walk@1.2.8", "", { "dependencies": { "@nodelib/fs.scandir": "2.1.5", "fastq": "^1.6.0" } }, "sha512-oGB+UxlgWcgQkgwo8GcEGwemoTFt3FIO9ababBmaGwXIoBKZ+GTy0pP185beGg7Llih/NSHSV2XAs1lnznocSg=="],

    "@opentelemetry/api": ["@opentelemetry/api@1.9.0", "", {}, "sha512-3giAOQvZiH5F9bMlMiv8+GSPMeqg0dbaeo58/0SlA9sxSqZhnUtxzX9/2FzyhS9sWQf5S0GJE0AKBrFqjpeYcg=="],

    "@scure/base": ["@scure/base@2.3.0", "", {}, "sha512-NsG6Y03tY6R5BUis4FdVtHVkur0U6FOzskgs9ZXNl78CUc9fkZ78HmENUle1nSOkCasDmbubmWD9qwB7mm4PZA=="],

    "@scure/bip32": ["@scure/bip32@2.3.0", "", { "dependencies": { "@noble/curves": "2.3.0", "@noble/hashes": "2.3.0", "@scure/base": "2.3.0" } }, "sha512-mMPjNcXxJsvNveIgRIXrnwd4omu0wdXo4JowAUZO7/82+/bpAwVltclx6MG6nv2M3dA6IbfVv4xwWxaREm3OcA=="],

    "@types/bun": ["@types/bun@1.2.19", "", { "dependencies": { "bun-types": "1.2.19" } }, "sha512-d9ZCmrH3CJ2uYKXQIUuZ/pUnTqIvLDS0SK7pFmbx8ma+ziH/FRMoAq5bYpRG7y+w1gl+HgyNZbtqgMq4W4e2Lg=="],

    "@types/dns-packet": ["@types/dns-packet@5.6.5", "", { "dependencies": { "@types/node": "*" } }, "sha512-qXOC7XLOEe43ehtWJCMnQXvgcIpv6rPmQ1jXT98Ad8A3TB1Ue50jsCbSSSyuazScEuZ/Q026vHbrOTVkmwA+7Q=="],

    "@types/node": ["@types/node@24.2.1", "", { "dependencies": { "undici-types": "~7.10.0" } }, "sha512-DRh5K+ka5eJic8CjH7td8QpYEV6Zo10gfRkjHCO3weqZHWDtAaSTFtl4+VMqOJ4N5jcuhZ9/l+yy8rVgw7BQeQ=="],

    "@types/react": ["@types/react@19.1.9", "", { "dependencies": { "csstype": "^3.0.2" } }, "sha512-WmdoynAX8Stew/36uTSVMcLJJ1KRh6L3IZRx1PZ7qJtBqT3dYTgyDTx8H1qoRghErydW7xw9mSJ3wS//tCRpFA=="],

    "abort-error": ["abort-error@1.0.2", "", {}, "sha512-lVgvB2NyPLqbXXhVmXcYFTC1x5K7CiVdPgdY7LGgFQWC8506oN01sPN3i9cl9ynuwF4iJ0TS9exnR7cZ9FuX4w=="],

    "any-signal": ["any-signal@4.2.0", "", {}, "sha512-LndMvYuAPf4rC195lk7oSFuHOYFpOszIYrNYv0gHAvz+aEhE9qPZLhmrIz5pXP2BSsPOXvsuHDXEGaiQhIh9wA=="],

    "base64-js": ["base64-js@1.5.1", "", {}, "sha512-AKpaYlHn8t4SVbOHCy+b5+KKgvR4vrsD8vbvrbiQJps7fKDTkjkDry6ji0rUJjC0kzbNePLwzxq8iypo41qeWA=="],

    "bintrees": ["bintrees@1.0.2", "", {}, "sha512-VOMgTMwjAaUG580SXn3LacVgjurrbMme7ZZNYGSSV7mmtY6QQRh0Eg3pwIcntQ77DErK1L0NxkbetjcoXzVwKw=="],

    "bip39": ["bip39@3.1.0", "", { "dependencies": { "@noble/hashes": "^1.2.0" } }, "sha512-c9kiwdk45Do5GL0vJMe7tS95VjCii65mYAH7DfWl3uW8AVzXKQVUm64i3hzVybBDMp9r7j9iNxR85+ul8MdN/A=="],

    "blob-to-it": ["blob-to-it@3.0.0", "", { "dependencies": { "browser-readablestream-to-it": "^2.0.0" } }, "sha512-KhVc/vccFEeqZIf7xFLkMnaNGL+7umpvqSqyL2XfOobfHQ3RQB9aLau/F6WhoE5S3TbtYYtrX3+HkISpkY+jXw=="],

    "braces": ["braces@3.0.3", "", { "dependencies": { "fill-range": "^7.1.1" } }, "sha512-yQbXgO/OSZVD2IsiLlro+7Hf6Q18EJrKSEsdoMzKePKXct3gvD8oLcOQdIzGupr5Fj+EDe8gO/lxc1BzfMpxvA=="],

    "browser-readablestream-to-it": ["browser-readablestream-to-it@2.0.10", "", {}, "sha512-I/9hEcRtjct8CzD9sVo9Mm4ntn0D+7tOVrjbPl69XAoOfgJ8NBdOQU+WX+5SHhcELJDb14mWt7zuvyqha+MEAQ=="],

    "buffer": ["buffer@6.0.3", "", { "dependencies": { "base64-js": "^1.3.1", "ieee754": "^1.2.1" } }, "sha512-FTiCpNxtwiZZHEZbcbTIcZjERVICn9yq/pDFkTl95/AxzD1naBctN7YO68riM/gLSDY7sdrMby8hofADYuuqOA=="],

    "bun-types": ["bun-types@1.2.19", "", { "dependencies": { "@types/node": "*" }, "peerDependencies": { "@types/react": "^19" } }, "sha512-uAOTaZSPuYsWIXRpj7o56Let0g/wjihKCkeRqUBhlLVM/Bt+Fj9xTo+LhC1OV1XDaGkz4hNC80et5xgy+9KTHQ=="],

    "cborg": ["cborg@6.1.1", "", { "bin": { "cborg": "lib/bin.js" } }, "sha512-Ci8+V1OMFtqea8EXicsATqV+3kEqCGXCicM+5MEzpKTxqy58WMzhJUjtUqAjfWpKPZ0wpG8F+u5mC8Xy/0Zevg=="],

    "csstype": ["csstype@3.1.3", "", {}, "sha512-M1uQkMl8rQK/szD0LNhtqxIPLpimGm8sOBwU7lLnCpSbTyY3yeU1Vc7l4KT5zT4s/yOxHH5O7tIuuLOCnLADRw=="],

    "dag-jose": ["dag-jose@5.1.1", "", { "dependencies": { "@ipld/dag-cbor": "^9.0.0", "multiformats": "~13.1.3" } }, "sha512-9alfZ8Wh1XOOMel8bMpDqWsDT72ojFQCJPtwZSev9qh4f8GoCV9qrJW8jcOUhcstO8Kfm09FHGo//jqiZq3z9w=="],

    "detect-libc": ["detect-libc@2.0.4", "", {}, "sha512-3UDv+G9CsCKO1WKMGw9fwq/SWJYbI0c5Y7LU1AXYoDdbhE2AHQ6N6Nb34sG8Fj7T5APy8qXDCKuuIHd1BR0tVA=="],

    "dns-packet": ["dns-packet@5.6.1", "", { "dependencies": { "@leichtgewicht/ip-codec": "^2.0.1" } }, "sha512-l4gcSouhcgIKRvyy99RNVOgxXiicE+2jZoNmaNmZ6JXiGajBOJAesk1OBlJuM5k2c+eudGdLxDqXuPCKIj6kpw=="],

    "electron-fetch": ["electron-fetch@1.9.1", "", { "dependencies": { "encoding": "^0.1.13" } }, "sha512-M9qw6oUILGVrcENMSRRefE1MbHPIz0h79EKIeJWK9v563aT9Qkh8aEHPO1H5vi970wPirNY+jO9OpFoLiMsMGA=="],

    "encoding": ["encoding@0.1.13", "", { "dependencies": { "iconv-lite": "^0.6.2" } }, "sha512-ETBauow1T35Y/WZMkio9jiM0Z5xjHHmJ4XmjZOq1l/dXz3lr2sRn87nJy20RupqSh1F2m3HHPSp8ShIPQJrJ3A=="],

    "err-code": ["err-code@3.0.1", "", {}, "sha512-GiaH0KJUewYok+eeY05IIgjtAe4Yltygk9Wqp1V5yVWLdhf0hYZchRjNIT9bb0mSwRcIusT3cx7PJUf3zEIfUA=="],

    "eventemitter3": ["eventemitter3@5.0.1", "", {}, "sha512-GWkBvjiSZK87ELrYOSESUYeVIc9mvLLf/nXalMOS5dYrgZq9o5OVkbZAVM06CVxYsCwH9BDZFPlQTlPA1j4ahA=="],

    "fast-fifo": ["fast-fifo@1.3.2", "", {}, "sha512-/d9sfos4yxzpwkDkuN7k2SqFKtYNmCTzgfEpz82x34IM9/zc8KGxQoXg1liNC/izpRM/MBdt44Nmx41ZWqk+FQ=="],

    "fast-glob": ["fast-glob@3.3.3", "", { "dependencies": { "@nodelib/fs.stat": "^2.0.2", "@nodelib/fs.walk": "^1.2.3", "glob-parent": "^5.1.2", "merge2": "^1.3.0", "micromatch": "^4.0.8" } }, "sha512-7MptL8U0cqcFdzIzwOTHoilX9x5BrNqye7Z/LuC7kCMRio1EMSyqRK3BEAUD7sXRq4iT4AzTVuZdhgQ2TCvYLg=="],

    "fastq": ["fastq@1.20.1", "", { "dependencies": { "reusify": "^1.0.4" } }, "sha512-GGToxJ/w1x32s/D2EKND7kTil4n8OVk/9mycTc4VDza13lOvpUZTGX3mFSCtV9ksdGBVzvsyAVLM6mHFThxXxw=="],

    "fill-range": ["fill-range@7.1.1", "", { "dependencies": { "to-regex-range": "^5.0.1" } }, "sha512-YsGpe3WHLK8ZYi4tWDg2Jy3ebRz2rXowDxnld4bkQB00cc/1Zw9AWnC0i9ztDJitivtQvaI9KaLyKrc+hBW0yg=="],

    "get-iterator": ["get-iterator@1.0.2", "", {}, "sha512-v+dm9bNVfOYsY1OrhaCrmyOcYoSeVvbt+hHZ0Au+T+p1y+0Uyj9aMaGIeUTT6xdpRbWzDeYKvfOslPhggQMcsg=="],

    "glob-parent": ["glob-parent@5.1.2", "", { "dependencies": { "is-glob": "^4.0.1" } }, "sha512-AOIgSQCepiJYwP3ARnGx+5VnTu2HBYdzbGP45eLw1vr3zB3vZLeyed1sC9hnbcOc9/SrMyM5RPQrkGz4aS9Zow=="],

    "hashlru": ["hashlru@2.3.0", "", {}, "sha512-0cMsjjIC8I+D3M44pOQdsy0OHXGLVz6Z0beRuufhKa0KfaD2wGwAev6jILzXsd3/vpnNQJmWyZtIILqM1N+n5A=="],

    "iconv-lite": ["iconv-lite@0.6.3", "", { "dependencies": { "safer-buffer": ">= 2.1.2 < 3.0.0" } }, "sha512-4fCk79wshMdzMp2rH06qWrJE4iolqLhCUH+OiuIgU++RB0+94NlDL81atO7GX55uUKueo0txHNtvEyI6D7WdMw=="],

    "ieee754": ["ieee754@1.2.1", "", {}, "sha512-dcyqhDvX1C46lXZcVqCpK+FtMRQVdIMN6/Df5js2zouUsqG7I6sFxitIC+7KYK29KdXOLHdu9zL4sFnoVQnqaA=="],

    "inherits": ["inherits@2.0.4", "", {}, "sha512-k/vGaX4/Yla3WzyMCvTQOXYeIHvqOKtnqBduzTHpzpQZzAskKMhZ2K+EnBiSM9zGSoIFeMpXKxa4dYeZIQqewQ=="],

    "interface-datastore": ["interface-datastore@10.0.1", "", { "dependencies": { "abort-error": "^1.0.2", "interface-store": "^8.0.0", "uint8arrays": "^6.1.1" } }, "sha512-DYMj/Og5Cz1Qwkx6/x5KRvR8SYEX7rVAv3KKCm2NzTwWSfpNAC4PahjcYbHyoZBP6zPWrhQv5n5wE+vaDdgSAg=="],

    "interface-store": ["interface-store@8.0.0", "", { "dependencies": { "abort-error": "^1.0.2" } }, "sha512-e2+s3EEROzM+Wlas4hU3zveTUscvVMf1BOvdsJfpzFm19SoEXLVadpACjWOnM491HqGpvtfFnevyiaN8W+I6Eg=="],

    "ipfs-unixfs": ["ipfs-unixfs@13.0.0", "", { "dependencies": { "protons-runtime": "^7.0.0", "uint8arraylist": "^3.0.2" } }, "sha512-5Q9fw95zKA0h/LxRVkQDfp+5lRaDD6i4fzXt70f38b0CRkrbhuj2eUXDjEohfBwBeWcB7UJPW5DzAmgoSNEb8A=="],

    "is-electron": ["is-electron@2.2.2", "", {}, "sha512-FO/Rhvz5tuw4MCWkpMzHFKWD2LsfHzIb7i6MdPYZ/KW7AlxawyLkqdy+jPZP1WubqEADE3O4FUENlJHDfQASRg=="],

    "is-extglob": ["is-extglob@2.1.1", "", {}, "sha512-SbKbANkN603Vi4jEZv49LeVJMn4yGwsbzZworEoyEiutsN3nJYdbO36zfhGJ6QEDpOZIFkDtnq5JRxmvl3jsoQ=="],

    "is-glob": ["is-glob@4.0.3", "", { "dependencies": { "is-extglob": "^2.1.1" } }, "sha512-xelSayHH36ZgE7ZWhli7pW34hNbNl8Ojv5KVmkJD4hBdD3th8Tfk9vYasLM+mXWOZhFkgZfxhLSnrwRr4elSSg=="],

    "is-number": ["is-number@7.0.0", "", {}, "sha512-41Cifkg6e8TylSpdtTpeLVMqvSBEVzTttHvERD741+pnZ8ANv0004MRL43QKPDlK9cGvNp6NZWZUBlbGXYxxng=="],

    "is-plain-obj": ["is-plain-obj@2.1.0", "", {}, "sha512-YWnfyRwxL/+SsrWYfOpUtz5b3YD+nyfkHvjbcanzk8zgyO4ASD67uVMRt8k5bM4lLMDnXfriRhOpemw+NfT1eA=="],

    "iso-url": ["iso-url@1.2.1", "", {}, "sha512-9JPDgCN4B7QPkLtYAAOrEuAWvP9rWvR5offAr0/SeF046wIkglqH3VXgYYP6NcsKslH80UIVgmPqNe3j7tG2ng=="],

    "it-all": ["it-all@3.0.11", "", {}, "sha512-Gvqj6MO4GMLnFdtE68HZRpGBskNC+9+GQ+JevTGNYLyhjUuPhjDLU3jN1LpBemXJDW1bRSkczqA/qGyKlPKrcQ=="],

    "it-first": ["it-first@3.0.11", "", {}, "sha512-0ig8DKpg09V1o7JBagm3oPx3VY7WYfU5w3lpbLbqzijnfMPSvMGoMZuLm17h/RgOJXKP+9mt7vsCNiU2TW8TkQ=="],

    "it-glob": ["it-glob@3.0.6", "", { "dependencies": { "fast-glob": "^3.3.3" } }, "sha512-dFNeW4izM08QuB4uuIr+sVKUSo8ftVD/E1RnYidiUZx/i9h9mmwDSBl3kPv/TCah6HI0y1sgfHVCbrwA9FjoaQ=="],

    "it-last": ["it-last@3.0.11", "", {}, "sha512-Fg571l81nPzhZsiYjkw4dkhRqAK4oqIamTPEfAOnXI/5pYXz+dIfMVYmh9ncZs58oFNMkdF3bYFuCBTw/xJK0w=="],

    "it-map": ["it-map@3.1.6", "", { "dependencies": { "it-peekable": "^3.0.0" } }, "sha512-wCix0FXImtIPIxhCnbz35RqWs00e/CReSZX9nZq1j46JcAzBBp57ob9/2l1WnDYEaUURIR8xCyg2NsWbOwBJFQ=="],

    "it-peekable": ["it-peekable@3.0.10", "", {}, "sha512-2E6+p1pelZOhzp69aaiiBuEybWzAl10uYbIdCR3Pxy8bFNnS/kgpbLtGbNbIZ6RVdU7yHHkmATYwjy52GfFEKA=="],

    "it-stream-types": ["it-stream-types@2.0.4", "", {}, "sha512-tsX+klvMQ53J4Jm2B52vCIs7WD609ck+VS9X2TKMEv7VPY9VwaYKmSWyHek5QS0wHBtP0bWj9KMqCtAHgVKiXw=="],

    "it-to-stream": ["it-to-stream@1.0.0", "", { "dependencies": { "buffer": "^6.0.3", "fast-fifo": "^1.0.0", "get-iterator": "^1.0.2", "p-defer": "^3.0.0", "p-fifo": "^1.0.0", "readable-stream": "^3.6.0" } }, "sha512-pLULMZMAB/+vbdvbZtebC0nWBTbG581lk6w8P7DfIIIKUfa8FbY7Oi0FxZcFPbxvISs7A9E+cMpLDBc1XhpAOA=="],

    "kubo-rpc-client": ["kubo-rpc-client@7.1.0", "", { "dependencies": { "@ipld/dag-cbor": "^10.0.1", "@ipld/dag-json": "^11.0.0", "@ipld/dag-pb": "^4.0.0", "@libp2p/crypto": "^5.0.0", "@libp2p/interface": "^3.0.2", "@libp2p/logger": "^6.0.5", "@libp2p/peer-id": "^6.0.3", "@multiformats/multiaddr": "^13.0.1", "@multiformats/multiaddr-to-uri": "^12.0.0", "any-signal": "^4.1.1", "blob-to-it": "^3.0.0", "browser-readablestream-to-it": "^2.0.5", "dag-jose": "^5.0.0", "electron-fetch": "^1.9.1", "err-code": "^3.0.1", "ipfs-unixfs": "^13.0.0", "iso-url": "^1.2.1", "it-all": "^3.0.4", "it-first": "^3.0.4", "it-glob": "^3.0.1", "it-last": "^3.0.4", "it-map": "^3.0.5", "it-peekable": "^3.0.3", "it-to-stream": "^1.0.0", "merge-options": "^3.0.4", "multiformats": "^14.0.0", "nanoid": "^5.0.7", "parse-duration": "^2.1.2", "stream-to-it": "^1.0.1", "uint8arrays": "^6.1.1", "wherearewe": "^2.0.1" } }, "sha512-sEFzNx+KxHPLa0iHgdszfHnNlQOwxd3t2v9LVSJq57htpfJftdps1eWRMvMASCqe6AtwW3bE7fzyd4z2hXLTlA=="],

    "lmdb": ["lmdb@3.4.2", "", { "dependencies": { "msgpackr": "^1.11.2", "node-addon-api": "^6.1.0", "node-gyp-build-optional-packages": "5.2.2", "ordered-binary": "^1.5.3", "weak-lru-cache": "^1.2.2" }, "optionalDependencies": { "@lmdb/lmdb-darwin-arm64": "3.4.2", "@lmdb/lmdb-darwin-x64": "3.4.2", "@lmdb/lmdb-linux-arm": "3.4.2", "@lmdb/lmdb-linux-arm64": "3.4.2", "@lmdb/lmdb-linux-x64": "3.4.2", "@lmdb/lmdb-win32-arm64": "3.4.2", "@lmdb/lmdb-win32-x64": "3.4.2" }, "bin": { "download-lmdb-prebuilds": "bin/download-prebuilds.js" } }, "sha512-nwVGUfTBUwJKXd6lRV8pFNfnrCC1+l49ESJRM19t/tFb/97QfJEixe5DYRvug5JO7DSFKoKaVy7oGMt5rVqZvg=="],

    "main-event": ["main-event@1.0.5", "", {}, "sha512-4l9z8r7Q446mhhVTwdHmfPksOYBwN2xa7ewEW2yxPVNQapIaAf57ORFLMB91SpMEMa4wXowect7fq3uMLjDnGA=="],

    "merge-options": ["merge-options@3.0.4", "", { "dependencies": { "is-plain-obj": "^2.1.0" } }, "sha512-2Sug1+knBjkaMsMgf1ctR1Ujx+Ayku4EdJN4Z+C2+JzoeF7A3OZ9KM2GY0CpQS51NR61LTurMJrRKPhSs3ZRTQ=="],

    "merge2": ["merge2@1.4.1", "", {}, "sha512-8q7VEgMJW4J8tcfVPy8g09NcQwZdbwFEqhe/WZkoIzjn/3TGDwtOCYtXGxA3O8tPzpczCCDgv+P2P5y00ZJOOg=="],

    "micromatch": ["micromatch@4.0.8", "", { "dependencies": { "braces": "^3.0.3", "picomatch": "^2.3.1" } }, "sha512-PXwfBhYu0hBCPw8Dn0E+WDYb7af3dSLVWKi3HGv84IdF4TyFoC0ysxFd0Goxw7nSv4T/PzEJQxsYsEiFCKo2BA=="],

    "ms": ["ms@4.0.0-nightly.202508271359", "", {}, "sha512-WC/Eo7NzFrOV/RRrTaI0fxKVbNCzEy76j2VqNV8SxDf9D69gSE2Lh0QwYvDlhiYmheBYExAvEAxVf5NoN0cj2A=="],

    "msgpackr": ["msgpackr@1.11.5", "", { "optionalDependencies": { "msgpackr-extract": "^3.0.2" } }, "sha512-UjkUHN0yqp9RWKy0Lplhh+wlpdt9oQBYgULZOiFhV3VclSF1JnSQWZ5r9gORQlNYaUKQoR8itv7g7z1xDDuACA=="],

    "msgpackr-extract": ["msgpackr-extract@3.0.3", "", { "dependencies": { "node-gyp-build-optional-packages": "5.2.2" }, "optionalDependencies": { "@msgpackr-extract/msgpackr-extract-darwin-arm64": "3.0.3", "@msgpackr-extract/msgpackr-extract-darwin-x64": "3.0.3", "@msgpackr-extract/msgpackr-extract-linux-arm": "3.0.3", "@msgpackr-extract/msgpackr-extract-linux-arm64": "3.0.3", "@msgpackr-extract/msgpackr-extract-linux-x64": "3.0.3", "@msgpackr-extract/msgpackr-extract-win32-x64": "3.0.3" }, "bin": { "download-msgpackr-prebuilds": "bin/download-prebuilds.js" } }, "sha512-P0efT1C9jIdVRefqjzOQ9Xml57zpOXnIuS+csaB4MdZbTdmGDLo8XhzBG1N7aO11gKDDkJvBLULeFTo46wwreA=="],

    "multiformats": ["multiformats@14.0.5", "", {}, "sha512-vbIm83F2yZ1pWJGS0yl0ysracIvv56LtbrIyiIQHoLdYDJOMoLfVFsXhh9DUH4SFdkdkFhucyWniihsNzVEjkQ=="],

    "nanoid": ["nanoid@5.1.16", "", { "bin": { "nanoid": "bin/nanoid.js" } }, "sha512-kVrnsrJqMR8+oLJnGEmSWw9BivK5mt7H3FZatVRjrc5wGqFYuBxX1yG7+A7Gi5AefkX6t/oCkizcQgpu0cY1dQ=="],

    "node-addon-api": ["node-addon-api@6.1.0", "", {}, "sha512-+eawOlIgy680F0kBzPUNFhMZGtJ1YmqM6l4+Crf4IkImjYrO/mqPwRMh352g23uIaQKFItcQ64I7KMaJxHgAVA=="],

    "node-gyp-build-optional-packages": ["node-gyp-build-optional-packages@5.2.2", "", { "dependencies": { "detect-libc": "^2.0.1" }, "bin": { "node-gyp-build-optional-packages": "bin.js", "node-gyp-build-optional-packages-optional": "optional.js", "node-gyp-build-optional-packages-test": "build-test.js" } }, "sha512-s+w+rBWnpTMwSFbaE0UXsRlg7hU4FjekKU4eyAih5T8nJuNZT1nNsskXpxmeqSK9UzkBl6UgRlnKc8hz8IEqOw=="],

    "ordered-binary": ["ordered-binary@1.6.0", "", {}, "sha512-IQh2aMfMIDbPjI/8a3Edr+PiOpcsB7yo8NdW7aHWVaoR/pcDldunMvnnwbk/auPGqmKeAdxtZl7MHX/QmPwhvQ=="],

    "p-defer": ["p-defer@3.0.0", "", {}, "sha512-ugZxsxmtTln604yeYd29EGrNhazN2lywetzpKhfmQjW/VJmhpDmWbiX+h0zL8V91R0UXkhb3KtPmyq9PZw3aYw=="],

    "p-fifo": ["p-fifo@1.0.0", "", { "dependencies": { "fast-fifo": "^1.0.0", "p-defer": "^3.0.0" } }, "sha512-IjoCxXW48tqdtDFz6fqo5q1UfFVjjVZe8TC1QRflvNUJtNfCUhxOUw6MOVZhDPjqhSzc26xKdugsO17gmzd5+A=="],

    "p-queue": ["p-queue@8.1.0", "", { "dependencies": { "eventemitter3": "^5.0.1", "p-timeout": "^6.1.2" } }, "sha512-mxLDbbGIBEXTJL0zEx8JIylaj3xQ7Z/7eEVjcF9fJX4DBiH9oqe+oahYnlKKxm0Ci9TlWTyhSHgygxMxjIB2jw=="],

    "p-timeout": ["p-timeout@6.1.4", "", {}, "sha512-MyIV3ZA/PmyBN/ud8vV9XzwTrNtR4jFrObymZYnZqMmW0zA8Z17vnT0rBgFE/TlohB+YCHqXMgZzb3Csp49vqg=="],

    "parse-duration": ["parse-duration@2.1.8", "", {}, "sha512-hM72vQ2w/HebbXx2pyUaR+EBjbkPx3Xi2aWAF9SNvJnRbP0p46KLcI8WP/z5ZruCUsJr0L2HWexVtB3PlBf/LA=="],

    "picomatch": ["picomatch@2.3.2", "", {}, "sha512-V7+vQEJ06Z+c5tSye8S+nHUfI51xoXIXjHQ99cQtKUkQqqO1kO/KCJUfZXuB47h/YBlDhah2H3hdUGXn8ie0oA=="],

    "progress-events": ["progress-events@1.1.0", "", {}, "sha512-82DVc5tI36neVB3IjdXR11ztwGuoBc98em9ijzubeZKxI47OlV2Znq6mlPqE5xPDzO2Uw98GHiQSjj2favBCRQ=="],

    "prom-client": ["prom-client@15.1.3", "", { "dependencies": { "@opentelemetry/api": "^1.4.0", "tdigest": "^0.1.1" } }, "sha512-6ZiOBfCywsD4k1BN9IX0uZhF+tJkV8q8llP64G5Hajs4JOeVLPCwpPVcpXy3BwYiUGgyJzsJJQeOIv7+hDSq8g=="],

    "protons-runtime": ["protons-runtime@7.0.0", "", { "dependencies": { "uint8-varint": "^3.0.0", "uint8arraylist": "^3.0.0", "uint8arrays": "^6.0.0" } }, "sha512-r/e72006xoVND4Uvf1aIs4OQOkJaASBU3ip4DzOWAktoKAkTiOYqKoS3TYMBm8HnnYU8+h0uEzr5gIRwk/pmTg=="],

    "queue-microtask": ["queue-microtask@1.2.3", "", {}, "sha512-NuaNSa6flKT5JaSYQzJok04JzTL1CA6aGhv5rfLW3PgqA+M2ChpZQnAC8h8i4ZFkBS8X5RqkDBHA7r4hej3K9A=="],

    "readable-stream": ["readable-stream@3.6.2", "", { "dependencies": { "inherits": "^2.0.3", "string_decoder": "^1.1.1", "util-deprecate": "^1.0.1" } }, "sha512-9u/sniCrY3D5WdsERHzHE4G2YCXqoG5FTHUiCC4SIbr6XcLZBY05ya9EKjYek9O5xOAwjGq+1JdGBAS7Q9ScoA=="],

    "reusify": ["reusify@1.1.0", "", {}, "sha512-g6QUff04oZpHs0eG5p83rFLhHeV00ug/Yf9nZM6fLeUrPguBTkTQOdpAWWspMh55TZfVQDPaN3NQJfbVRAxdIw=="],

    "run-parallel": ["run-parallel@1.2.0", "", { "dependencies": { "queue-microtask": "^1.2.2" } }, "sha512-5l4VyZR86LZ/lDxZTR6jqL8AFE2S0IFLMP26AbjsLVADxHdhB/c0GUsH+y39UfCi3dzz8OlQuPmnaJOMoDHQBA=="],

    "safe-buffer": ["safe-buffer@5.2.1", "", {}, "sha512-rp3So07KcdmmKbGvgaNxQSJr7bGVSVk5S9Eq1F+ppbRo70+YeaDxkw5Dd8NPN+GD6bjnYm2VuPuCXmpuYvmCXQ=="],

    "safer-buffer": ["safer-buffer@2.1.2", "", {}, "sha512-YZo3K82SD7Riyi0E1EQPojLz7kpepnSQI9IyPbHHg1XXXevb5dJI7tpyN2ADxGcQbHG7vcyRHk0cbwqcQriUtg=="],

    "stream-to-it": ["stream-to-it@1.0.1", "", { "dependencies": { "it-stream-types": "^2.0.1" } }, "sha512-AqHYAYPHcmvMrcLNgncE/q0Aj/ajP6A4qGhxP6EVn7K3YTNs0bJpJyk57wc2Heb7MUL64jurvmnmui8D9kjZgA=="],

    "string_decoder": ["string_decoder@1.3.0", "", { "dependencies": { "safe-buffer": "~5.2.0" } }, "sha512-hkRX8U1WjJFd8LsDJ2yQ/wWWxaopEsABU1XfkM8A+j0+85JAGppt16cr1Whg6KIbb4okU6Mql6BOj+uup/wKeA=="],

    "supports-color": ["supports-color@10.2.2", "", {}, "sha512-SS+jx45GF1QjgEXQx4NJZV9ImqmO2NPz5FNsIHrsDjh2YsHnawpan7SNQ1o8NuhrbHZy9AZhIoCUiCeaW/C80g=="],

    "tdigest": ["tdigest@0.1.2", "", { "dependencies": { "bintrees": "1.0.2" } }, "sha512-+G0LLgjjo9BZX2MfdvPfH+MKLCrxlXSYec5DaPYP1fe6Iyhf0/fSmJ0bFiZ1F8BT6cGXl2LpltQptzjXKWEkKA=="],

    "to-regex-range": ["to-regex-range@5.0.1", "", { "dependencies": { "is-number": "^7.0.0" } }, "sha512-65P7iz6X5yEr1cwcgvQxbbIw7Uk3gOy5dIdtZ4rDveLqhrdJP+Li/Hx6tyK0NEb+2GCyneCMJiGqrADCSNk8sQ=="],

    "typescript": ["typescript@5.9.2", "", { "bin": { "tsc": "bin/tsc", "tsserver": "bin/tsserver" } }, "sha512-CWBzXQrc/qOkhidw1OzBTQuYRbfyxDXJMVJ1XNwUHGROVmuaeiEm3OslpZ1RV96d7SKKjZKrSJu3+t/xlw3R9A=="],

    "uint8-varint": ["uint8-varint@3.0.0", "", { "dependencies": { "uint8arraylist": "^3.0.1", "uint8arrays": "^6.1.0" } }, "sha512-S4DdpXBaLwKcFo7f0bWzWfHjbZ/i3QhM842qn+ZvHjxqFCfUcEB9SQNcmI69S+zMlcmIcKxsk9Iyw77S2Kxv6Q=="],

    "uint8arraylist": ["uint8arraylist@3.0.2", "", { "dependencies": { "uint8arrays": "^6.0.0" } }, "sha512-LDVoq9BQaGJzGDUovEnoX6rpKCvnY/Jbtws4ikwnBzjRbq5qBAFpBZevUEbSmMM87aO0Sp+wOZy2ZXf5yODmXQ=="],

    "uint8arrays": ["uint8arrays@6.1.1", "", { "dependencies": { "multiformats": "^14.0.0" } }, "sha512-iz7JN0XCSZYA111lhFG2Ui9EhFvTNekqSRHw3lvMHq+dzwWy1OQftxFQREEh4rffU0oSoXdQHsk2TiHKVm4fsA=="],

    "undici-types": ["undici-types@7.10.0", "", {}, "sha512-t5Fy/nfn+14LuOc2KNYg75vZqClpAiqscVvMygNnlsHBFpSXdJaYtXMcdNLpl/Qvc3P2cB3s6lOV51nqsFq4ag=="],

    "util-deprecate": ["util-deprecate@1.0.2", "", {}, "sha512-EPD5q1uXyFxJpCrLnCc1nHnq3gOa6DZBocAIiI2TaSCA7VCJ1UJDMagCzIkXNsUYfD1daK//LTEQ8xiIbrHtcw=="],

    "weak-lru-cache": ["weak-lru-cache@1.2.2", "", {}, "sha512-DEAoo25RfSYMuTGc9vPJzZcZullwIqRDSI9LOy+fkCJPi6hykCnfKaXTuPBDuXAUcqHXyOgFtHNp/kB2FjYHbw=="],

    "weald": ["weald@1.1.3", "", { "dependencies": { "ms": "^4.0.0-nightly.202508271359", "supports-color": "^10.0.0" } }, "sha512-vMWtNbYuPb58NeG2+0sKA0Een4VMDwzf+3oHqh68buWRSOMUBlUeRb11LhV28czV+DUpJHRykifijZDuS9bInA=="],

    "wherearewe": ["wherearewe@2.0.1", "", { "dependencies": { "is-electron": "^2.2.0" } }, "sha512-XUguZbDxCA2wBn2LoFtcEhXL6AXo+hVjGonwhSTTTU9SzbWG8Xu3onNIpzf9j/mYUcJQ0f+m37SzG77G851uFw=="],

    "@ipld/dag-pb/multiformats": ["multiformats@13.4.0", "", {}, "sha512-Mkb/QcclrJxKC+vrcIFl297h52QcKh2Az/9A5vbWytbQt4225UWWWmIuSsKksdww9NkIeYcA7DkfftyLuC/JSg=="],

    "@libp2p/crypto/@noble/hashes": ["@noble/hashes@2.3.0", "", {}, "sha512-oN+QwyX7VSHotibwubG3kpzbwKrfnyR6OOO+3Nk/53ADL7FmgHHz4TgrbaYKvvOw09u6QTx0oiH1cNCIOuN0CQ=="],

    "@multiformats/dns/progress-events": ["progress-events@1.0.1", "", {}, "sha512-MOzLIwhpt64KIVN64h1MwdKWiyKFNc/S6BoYKPIVUHFg0/eIEyBulhWCgn678v/4c0ri3FdGuzXymNCv02MUIw=="],

    "@multiformats/dns/uint8arrays": ["uint8arrays@5.1.0", "", { "dependencies": { "multiformats": "^13.0.0" } }, "sha512-vA6nFepEmlSKkMBnLBaUMVvAC4G3CTmO58C12y4sq6WPDOR7mOFYOi7GlrQ4djeSbP6JG9Pv9tJDM97PedRSww=="],

    "@noble/curves/@noble/hashes": ["@noble/hashes@2.3.0", "", {}, "sha512-oN+QwyX7VSHotibwubG3kpzbwKrfnyR6OOO+3Nk/53ADL7FmgHHz4TgrbaYKvvOw09u6QTx0oiH1cNCIOuN0CQ=="],

    "@scure/bip32/@noble/hashes": ["@noble/hashes@2.3.0", "", {}, "sha512-oN+QwyX7VSHotibwubG3kpzbwKrfnyR6OOO+3Nk/53ADL7FmgHHz4TgrbaYKvvOw09u6QTx0oiH1cNCIOuN0CQ=="],

    "dag-jose/@ipld/dag-cbor": ["@ipld/dag-cbor@9.2.4", "", { "dependencies": { "cborg": "^4.0.0", "multiformats": "^13.1.0" } }, "sha512-GbDWYl2fdJgkYtIJN0HY9oO0o50d1nB4EQb7uYWKUd2ztxCjxiEW3PjwGG0nqUpN1G4Cug6LX8NzbA7fKT+zfA=="],

    "dag-jose/multiformats": ["multiformats@13.1.3", "", {}, "sha512-CZPi9lFZCM/+7oRolWYsvalsyWQGFo+GpdaTmjxXXomC+nP/W1Rnxb9sUgjvmNmRZ5bOPqRAl4nuK+Ydw/4tGw=="],

    "@multiformats/dns/uint8arrays/multiformats": ["multiformats@13.4.0", "", {}, "sha512-Mkb/QcclrJxKC+vrcIFl297h52QcKh2Az/9A5vbWytbQt4225UWWWmIuSsKksdww9NkIeYcA7DkfftyLuC/JSg=="],

    "dag-jose/@ipld/dag-cbor/cborg": ["cborg@4.2.12", "", { "bin": { "cborg": "lib/bin.js" } }, "sha512-z126yLoavS75cdTuiKu61RC3Y3trqtDAgQRa5Q0dpHn1RmqhIedptWXKnk0lQ5yo/GmcV9myvIkzFgZ8GnqSog=="],

    "dag-jose/@ipld/dag-cbor/multiformats": ["multiformats@13.4.0", "", {}, "sha512-Mkb/QcclrJxKC+vrcIFl297h52QcKh2Az/9A5vbWytbQt4225UWWWmIuSsKksdww9NkIeYcA7DkfftyLuC/JSg=="],
  }
}
